
Microsoft Visual Studio Solution File, Format Version 12.00
# Visual Studio 15
VisualStudioVersion = 15.0.27130.2027
MinimumVisualStudioVersion = 10.0.40219.1
Project("{2150E333-8FDC-42A3-9474-1A3956D46DE8}") = "Solution Items", "Solution Items", "{14CBF08E-1F78-46CF-826D-71D0EE94BCA2}"
	ProjectSection(SolutionItems) = preProject
		Dockerfile = Dockerfile
	EndProjectSection
EndProject
Project("{FAE04EC0-301F-11D3-BF4B-00C04F79EFBC}") = "EmployeeService", "EmployeeService\EmployeeService.csproj", "{B8296E1F-F361-4789-B030-29E09F7D666C}"
EndProject
Global
	GlobalSection(SolutionConfigurationPlatforms) = preSolution
		Debug|Any CPU = Debug|Any CPU
		Release|Any CPU = Release|Any CPU
	EndGlobalSection
	GlobalSection(ProjectConfigurationPlatforms) = postSolution
		{B8296E1F-F361-4789-B030-29E09F7D666C}.Debug|Any CPU.ActiveCfg = Debug|Any CPU
		{B8296E1F-F361-4789-B030-29E09F7D666C}.Debug|Any CPU.Build.0 = Debug|Any CPU
		{B8296E1F-F361-4789-B030-29E09F7D666C}.Release|Any CPU.ActiveCfg = Release|Any CPU
		{B8296E1F-F361-4789-B030-29E09F7D666C}.Release|Any CPU.Build.0 = Release|Any CPU
	EndGlobalSection
	GlobalSection(SolutionProperties) = preSolution
		HideSolutionNode = FALSE
	EndGlobalSection
	GlobalSection(ExtensibilityGlobals) = postSolution
		SolutionGuid = {7336081D-E72D-4715-8F1D-2A27444C2D43}
	EndGlobalSection
EndGlobal
