
Microsoft Visual Studio Solution File, Format Version 12.00
# Visual Studio 15
VisualStudioVersion = 15.0.27130.2027
MinimumVisualStudioVersion = 10.0.40219.1
Project("{FAE04EC0-301F-11D3-BF4B-00C04F79EFBC}") = "BackEnd", "BackEnd\BackEnd.csproj", "{FE0A283F-C60C-428C-AA9B-9486FA10C2CF}"
EndProject
Project("{FAE04EC0-301F-11D3-BF4B-00C04F79EFBC}") = "FrontEnd", "FrontEnd\FrontEnd.csproj", "{7F10283A-1DB0-4D94-8892-D5029BE802DF}"
EndProject
Global
	GlobalSection(SolutionConfigurationPlatforms) = preSolution
		Debug|Any CPU = Debug|Any CPU
		Debug|x64 = Debug|x64
		Release|Any CPU = Release|Any CPU
		Release|x64 = Release|x64
	EndGlobalSection
	GlobalSection(ProjectConfigurationPlatforms) = postSolution
		{FE0A283F-C60C-428C-AA9B-9486FA10C2CF}.Debug|Any CPU.ActiveCfg = Debug|Any CPU
		{FE0A283F-C60C-428C-AA9B-9486FA10C2CF}.Debug|Any CPU.Build.0 = Debug|Any CPU
		{FE0A283F-C60C-428C-AA9B-9486FA10C2CF}.Debug|x64.ActiveCfg = Debug|Any CPU
		{FE0A283F-C60C-428C-AA9B-9486FA10C2CF}.Debug|x64.Build.0 = Debug|Any CPU
		{FE0A283F-C60C-428C-AA9B-9486FA10C2CF}.Release|Any CPU.ActiveCfg = Release|Any CPU
		{FE0A283F-C60C-428C-AA9B-9486FA10C2CF}.Release|Any CPU.Build.0 = Release|Any CPU
		{FE0A283F-C60C-428C-AA9B-9486FA10C2CF}.Release|x64.ActiveCfg = Release|Any CPU
		{FE0A283F-C60C-428C-AA9B-9486FA10C2CF}.Release|x64.Build.0 = Release|Any CPU
		{7F10283A-1DB0-4D94-8892-D5029BE802DF}.Debug|Any CPU.ActiveCfg = Debug|Any CPU
		{7F10283A-1DB0-4D94-8892-D5029BE802DF}.Debug|Any CPU.Build.0 = Debug|Any CPU
		{7F10283A-1DB0-4D94-8892-D5029BE802DF}.Debug|x64.ActiveCfg = Debug|Any CPU
		{7F10283A-1DB0-4D94-8892-D5029BE802DF}.Debug|x64.Build.0 = Debug|Any CPU
		{7F10283A-1DB0-4D94-8892-D5029BE802DF}.Release|Any CPU.ActiveCfg = Release|Any CPU
		{7F10283A-1DB0-4D94-8892-D5029BE802DF}.Release|Any CPU.Build.0 = Release|Any CPU
		{7F10283A-1DB0-4D94-8892-D5029BE802DF}.Release|x64.ActiveCfg = Release|Any CPU
		{7F10283A-1DB0-4D94-8892-D5029BE802DF}.Release|x64.Build.0 = Release|Any CPU
	EndGlobalSection
	GlobalSection(SolutionProperties) = preSolution
		HideSolutionNode = FALSE
	EndGlobalSection
	GlobalSection(ExtensibilityGlobals) = postSolution
		SolutionGuid = {229B7E20-F992-45EF-8A5F-F997F6EE1F3E}
	EndGlobalSection
EndGlobal
